
Microsoft Visual Studio Solution File, Format Version 12.00
# Visual Studio Version 16
VisualStudioVersion = 16.0.31702.278
MinimumVisualStudioVersion = 10.0.40219.1
Project("{FAE04EC0-301F-11D3-BF4B-00C04F79EFBC}") = "FiapWebservicesRestfulTechnologies", "FiapWebservicesRestfulTechnologies\FiapWebservicesRestfulTechnologies.csproj", "{3228E7A9-DC68-4132-9357-74C38CD8FE37}"
EndProject
Global
	GlobalSection(SolutionConfigurationPlatforms) = preSolution
		Debug|Any CPU = Debug|Any CPU
		Release|Any CPU = Release|Any CPU
	EndGlobalSection
	GlobalSection(ProjectConfigurationPlatforms) = postSolution
		{3228E7A9-DC68-4132-9357-74C38CD8FE37}.Debug|Any CPU.ActiveCfg = Debug|Any CPU
		{3228E7A9-DC68-4132-9357-74C38CD8FE37}.Debug|Any CPU.Build.0 = Debug|Any CPU
		{3228E7A9-DC68-4132-9357-74C38CD8FE37}.Release|Any CPU.ActiveCfg = Release|Any CPU
		{3228E7A9-DC68-4132-9357-74C38CD8FE37}.Release|Any CPU.Build.0 = Release|Any CPU
	EndGlobalSection
	GlobalSection(SolutionProperties) = preSolution
		HideSolutionNode = FALSE
	EndGlobalSection
	GlobalSection(ExtensibilityGlobals) = postSolution
		SolutionGuid = {DBA48118-351C-47AB-971C-36AFE72089CC}
	EndGlobalSection
EndGlobal
